{
  "requires": true,
  "lockfileVersion": 1,
  "dependencies": {
    "vue-infinite-scroll": {
      "version": "2.0.2",
      "resolved": "https://registry.npmjs.org/vue-infinite-scroll/-/vue-infinite-scroll-2.0.2.tgz",
      "integrity": "sha512-n+YghR059YmciANGJh9SsNWRi1YZEBVlODtmnb/12zI+4R72QZSWd+EuZ5mW6auEo/yaJXgxzwsuhvALVnm73A=="
    }
  }
}
